
Microsoft Visual Studio Solution File, Format Version 12.00
# Visual Studio 14
VisualStudioVersion = 14.0.23107.0
MinimumVisualStudioVersion = 10.0.40219.1
Project("{2150E333-8FDC-42A3-9474-1A3956D46DE8}") = "1 Presentation(用户UI)", "1 Presentation(用户UI)", "{4CA264B8-4BFB-4251-89AB-6DB9340627C1}"
EndProject
Project("{2150E333-8FDC-42A3-9474-1A3956D46DE8}") = "2 Application(应用层)", "2 Application(应用层)", "{78B262A3-1073-4732-ABB3-8B9B322999AA}"
EndProject
Project("{2150E333-8FDC-42A3-9474-1A3956D46DE8}") = "3 Domain(领域层)", "3 Domain(领域层)", "{604DB2EE-7DFC-4834-9D17-EF5105104213}"
EndProject
Project("{2150E333-8FDC-42A3-9474-1A3956D46DE8}") = "4 功能适配层", "4 功能适配层", "{C2F4B92D-D653-4DD9-AC15-170C7649A4F4}"
EndProject
Project("{FAE04EC0-301F-11D3-BF4B-00C04F79EFBC}") = "GeneralSys.AdminWeb", "GeneralSys.AdminWeb\GeneralSys.AdminWeb.csproj", "{DDFD225C-8DCD-43EC-ACEB-64621645B094}"
EndProject
Project("{FAE04EC0-301F-11D3-BF4B-00C04F79EFBC}") = "GeneralSys.Domain", "GeneralSys.Domain\GeneralSys.Domain.csproj", "{C75CCAEE-9EAB-48F8-8EA7-CE13021E8B7E}"
EndProject
Project("{FAE04EC0-301F-11D3-BF4B-00C04F79EFBC}") = "GeneralSys.Infrastructure", "GeneralSys.Infrastructure\GeneralSys.Infrastructure.csproj", "{0896ECCC-8D3A-4AED-9E0D-A8B9ED4514DE}"
EndProject
Project("{FAE04EC0-301F-11D3-BF4B-00C04F79EFBC}") = "GeneralSys.App", "GeneralSys.App\GeneralSys.App.csproj", "{F080360F-D286-435C-B266-6D6DA98A29DD}"
EndProject
Project("{FAE04EC0-301F-11D3-BF4B-00C04F79EFBC}") = "GeneralSys.Repository", "GeneralSys.Repository\GeneralSys.Repository.csproj", "{F4718869-7F56-4454-A91B-CB13693A52FE}"
EndProject
Project("{2150E333-8FDC-42A3-9474-1A3956D46DE8}") = "5.Test", "5.Test", "{81BBC5D5-E31C-4D25-A46F-38F30DFD14EE}"
EndProject
Project("{FAE04EC0-301F-11D3-BF4B-00C04F79EFBC}") = "GeneralSys.UnitTest", "GeneralSys.UnitTest\GeneralSys.UnitTest.csproj", "{46451695-C776-4E04-9C18-9C031D5B8306}"
EndProject
Global
	GlobalSection(SolutionConfigurationPlatforms) = preSolution
		Debug|Any CPU = Debug|Any CPU
		Release|Any CPU = Release|Any CPU
	EndGlobalSection
	GlobalSection(ProjectConfigurationPlatforms) = postSolution
		{DDFD225C-8DCD-43EC-ACEB-64621645B094}.Debug|Any CPU.ActiveCfg = Debug|Any CPU
		{DDFD225C-8DCD-43EC-ACEB-64621645B094}.Debug|Any CPU.Build.0 = Debug|Any CPU
		{DDFD225C-8DCD-43EC-ACEB-64621645B094}.Release|Any CPU.ActiveCfg = Release|Any CPU
		{DDFD225C-8DCD-43EC-ACEB-64621645B094}.Release|Any CPU.Build.0 = Release|Any CPU
		{C75CCAEE-9EAB-48F8-8EA7-CE13021E8B7E}.Debug|Any CPU.ActiveCfg = Debug|Any CPU
		{C75CCAEE-9EAB-48F8-8EA7-CE13021E8B7E}.Debug|Any CPU.Build.0 = Debug|Any CPU
		{C75CCAEE-9EAB-48F8-8EA7-CE13021E8B7E}.Release|Any CPU.ActiveCfg = Release|Any CPU
		{C75CCAEE-9EAB-48F8-8EA7-CE13021E8B7E}.Release|Any CPU.Build.0 = Release|Any CPU
		{0896ECCC-8D3A-4AED-9E0D-A8B9ED4514DE}.Debug|Any CPU.ActiveCfg = Debug|Any CPU
		{0896ECCC-8D3A-4AED-9E0D-A8B9ED4514DE}.Debug|Any CPU.Build.0 = Debug|Any CPU
		{0896ECCC-8D3A-4AED-9E0D-A8B9ED4514DE}.Release|Any CPU.ActiveCfg = Release|Any CPU
		{0896ECCC-8D3A-4AED-9E0D-A8B9ED4514DE}.Release|Any CPU.Build.0 = Release|Any CPU
		{F080360F-D286-435C-B266-6D6DA98A29DD}.Debug|Any CPU.ActiveCfg = Debug|Any CPU
		{F080360F-D286-435C-B266-6D6DA98A29DD}.Debug|Any CPU.Build.0 = Debug|Any CPU
		{F080360F-D286-435C-B266-6D6DA98A29DD}.Release|Any CPU.ActiveCfg = Release|Any CPU
		{F080360F-D286-435C-B266-6D6DA98A29DD}.Release|Any CPU.Build.0 = Release|Any CPU
		{F4718869-7F56-4454-A91B-CB13693A52FE}.Debug|Any CPU.ActiveCfg = Debug|Any CPU
		{F4718869-7F56-4454-A91B-CB13693A52FE}.Debug|Any CPU.Build.0 = Debug|Any CPU
		{F4718869-7F56-4454-A91B-CB13693A52FE}.Release|Any CPU.ActiveCfg = Release|Any CPU
		{F4718869-7F56-4454-A91B-CB13693A52FE}.Release|Any CPU.Build.0 = Release|Any CPU
		{46451695-C776-4E04-9C18-9C031D5B8306}.Debug|Any CPU.ActiveCfg = Debug|Any CPU
		{46451695-C776-4E04-9C18-9C031D5B8306}.Debug|Any CPU.Build.0 = Debug|Any CPU
		{46451695-C776-4E04-9C18-9C031D5B8306}.Release|Any CPU.ActiveCfg = Release|Any CPU
		{46451695-C776-4E04-9C18-9C031D5B8306}.Release|Any CPU.Build.0 = Release|Any CPU
	EndGlobalSection
	GlobalSection(SolutionProperties) = preSolution
		HideSolutionNode = FALSE
	EndGlobalSection
	GlobalSection(NestedProjects) = preSolution
		{DDFD225C-8DCD-43EC-ACEB-64621645B094} = {4CA264B8-4BFB-4251-89AB-6DB9340627C1}
		{C75CCAEE-9EAB-48F8-8EA7-CE13021E8B7E} = {604DB2EE-7DFC-4834-9D17-EF5105104213}
		{0896ECCC-8D3A-4AED-9E0D-A8B9ED4514DE} = {C2F4B92D-D653-4DD9-AC15-170C7649A4F4}
		{F080360F-D286-435C-B266-6D6DA98A29DD} = {78B262A3-1073-4732-ABB3-8B9B322999AA}
		{F4718869-7F56-4454-A91B-CB13693A52FE} = {C2F4B92D-D653-4DD9-AC15-170C7649A4F4}
		{46451695-C776-4E04-9C18-9C031D5B8306} = {81BBC5D5-E31C-4D25-A46F-38F30DFD14EE}
	EndGlobalSection
EndGlobal
